
Microsoft Visual Studio Solution File, Format Version 12.00
# Visual Studio Version 17
VisualStudioVersion = 17.11.35208.52
MinimumVisualStudioVersion = 10.0.40219.1
Project("{8BC9CEB8-8B4A-11D0-8D11-00A0C91BC942}") = "hw3.2", "hw3.2.vcxproj", "{DB4D09B5-9091-41DE-B289-98B53C9DFCE7}"
EndProject
Global
	GlobalSection(SolutionConfigurationPlatforms) = preSolution
		Debug|x64 = Debug|x64
		Debug|x86 = Debug|x86
		Release|x64 = Release|x64
		Release|x86 = Release|x86
	EndGlobalSection
	GlobalSection(ProjectConfigurationPlatforms) = postSolution
		{DB4D09B5-9091-41DE-B289-98B53C9DFCE7}.Debug|x64.ActiveCfg = Debug|x64
		{DB4D09B5-9091-41DE-B289-98B53C9DFCE7}.Debug|x64.Build.0 = Debug|x64
		{DB4D09B5-9091-41DE-B289-98B53C9DFCE7}.Debug|x86.ActiveCfg = Debug|Win32
		{DB4D09B5-9091-41DE-B289-98B53C9DFCE7}.Debug|x86.Build.0 = Debug|Win32
		{DB4D09B5-9091-41DE-B289-98B53C9DFCE7}.Release|x64.ActiveCfg = Release|x64
		{DB4D09B5-9091-41DE-B289-98B53C9DFCE7}.Release|x64.Build.0 = Release|x64
		{DB4D09B5-9091-41DE-B289-98B53C9DFCE7}.Release|x86.ActiveCfg = Release|Win32
		{DB4D09B5-9091-41DE-B289-98B53C9DFCE7}.Release|x86.Build.0 = Release|Win32
	EndGlobalSection
	GlobalSection(SolutionProperties) = preSolution
		HideSolutionNode = FALSE
	EndGlobalSection
	GlobalSection(ExtensibilityGlobals) = postSolution
		SolutionGuid = {20C14E6F-A627-44DD-A265-B6677D432C80}
	EndGlobalSection
EndGlobal
